
Microsoft Visual Studio Solution File, Format Version 12.00
# Visual Studio Version 17
VisualStudioVersion = 17.3.32804.467
MinimumVisualStudioVersion = 10.0.40219.1
Project("{2150E333-8FDC-42A3-9474-1A3956D46DE8}") = "Src", "Src", "{8605C27E-6EC9-4AC9-BB3F-9629887401DA}"
EndProject
Project("{2150E333-8FDC-42A3-9474-1A3956D46DE8}") = "Presentation", "Presentation", "{62531359-E9EF-43E6-9AEC-61E5F1A92681}"
EndProject
Project("{2150E333-8FDC-42A3-9474-1A3956D46DE8}") = "Core", "Core", "{3AFD5416-A603-487B-A77A-2B6C105C577E}"
EndProject
Project("{2150E333-8FDC-42A3-9474-1A3956D46DE8}") = "Data", "Data", "{5D0F9440-950B-4C13-8C55-125CE08A4BF2}"
EndProject
Project("{2150E333-8FDC-42A3-9474-1A3956D46DE8}") = "Jobs", "Jobs", "{59A4070A-AB8A-458D-AC4D-15CAC89B81BB}"
EndProject
Project("{9A19103F-16F7-4668-BE54-9A1E7A4F7556}") = "Awacash.SavingsJob", "Awacash.SavingsJob\Awacash.SavingsJob.csproj", "{DB7FC2E2-AF26-422B-89BD-65DD44C21F39}"
EndProject
Project("{9A19103F-16F7-4668-BE54-9A1E7A4F7556}") = "Awacash.Contracts", "Awacash.Contracts\Awacash.Contracts.csproj", "{BA05CC8B-7C44-4D36-9AF0-15957D98BCF1}"
EndProject
Project("{9A19103F-16F7-4668-BE54-9A1E7A4F7556}") = "Awacash.Api", "Awacash.Api\Awacash.Api.csproj", "{D97A4445-88AA-4F2F-977F-541DB16F192B}"
EndProject
Project("{9A19103F-16F7-4668-BE54-9A1E7A4F7556}") = "Awacash.AdminApi", "Awacash.AdminApi\Awacash.AdminApi.csproj", "{519A5077-14D0-469F-883D-C44DF204D216}"
EndProject
Project("{FAE04EC0-301F-11D3-BF4B-00C04F79EFBC}") = "TransactionQueryJob", "TransactionQueryJob\TransactionQueryJob.csproj", "{1E5AA2CB-5AC8-4D00-A8D8-C1823CABD3BA}"
EndProject
Project("{FAE04EC0-301F-11D3-BF4B-00C04F79EFBC}") = "Awacash.Application", "Awacash.Application\Awacash.Application.csproj", "{72BA15BD-12E2-4861-BF4F-1052276B4407}"
EndProject
Project("{FAE04EC0-301F-11D3-BF4B-00C04F79EFBC}") = "Awacash.Domain", "Awacash.Domain\Awacash.Domain.csproj", "{490BEB1F-D69A-453E-AD46-EE615185D8BC}"
EndProject
Project("{FAE04EC0-301F-11D3-BF4B-00C04F79EFBC}") = "Awacash.Shared", "Awacash.Shared\Awacash.Shared.csproj", "{13FE5C2D-310F-46CC-B015-A3018586AB1E}"
EndProject
Project("{FAE04EC0-301F-11D3-BF4B-00C04F79EFBC}") = "Awacash.Infrastructure", "Awacash.Infrastructure\Awacash.Infrastructure.csproj", "{65C79721-6220-4463-8EB4-2DBC3E010295}"
EndProject
Global
	GlobalSection(SolutionConfigurationPlatforms) = preSolution
		Debug|Any CPU = Debug|Any CPU
		Release|Any CPU = Release|Any CPU
	EndGlobalSection
	GlobalSection(ProjectConfigurationPlatforms) = postSolution
		{DB7FC2E2-AF26-422B-89BD-65DD44C21F39}.Debug|Any CPU.ActiveCfg = Debug|Any CPU
		{DB7FC2E2-AF26-422B-89BD-65DD44C21F39}.Debug|Any CPU.Build.0 = Debug|Any CPU
		{DB7FC2E2-AF26-422B-89BD-65DD44C21F39}.Release|Any CPU.ActiveCfg = Release|Any CPU
		{DB7FC2E2-AF26-422B-89BD-65DD44C21F39}.Release|Any CPU.Build.0 = Release|Any CPU
		{BA05CC8B-7C44-4D36-9AF0-15957D98BCF1}.Debug|Any CPU.ActiveCfg = Debug|Any CPU
		{BA05CC8B-7C44-4D36-9AF0-15957D98BCF1}.Debug|Any CPU.Build.0 = Debug|Any CPU
		{BA05CC8B-7C44-4D36-9AF0-15957D98BCF1}.Release|Any CPU.ActiveCfg = Release|Any CPU
		{BA05CC8B-7C44-4D36-9AF0-15957D98BCF1}.Release|Any CPU.Build.0 = Release|Any CPU
		{D97A4445-88AA-4F2F-977F-541DB16F192B}.Debug|Any CPU.ActiveCfg = Debug|Any CPU
		{D97A4445-88AA-4F2F-977F-541DB16F192B}.Debug|Any CPU.Build.0 = Debug|Any CPU
		{D97A4445-88AA-4F2F-977F-541DB16F192B}.Release|Any CPU.ActiveCfg = Release|Any CPU
		{D97A4445-88AA-4F2F-977F-541DB16F192B}.Release|Any CPU.Build.0 = Release|Any CPU
		{519A5077-14D0-469F-883D-C44DF204D216}.Debug|Any CPU.ActiveCfg = Debug|Any CPU
		{519A5077-14D0-469F-883D-C44DF204D216}.Debug|Any CPU.Build.0 = Debug|Any CPU
		{519A5077-14D0-469F-883D-C44DF204D216}.Release|Any CPU.ActiveCfg = Release|Any CPU
		{519A5077-14D0-469F-883D-C44DF204D216}.Release|Any CPU.Build.0 = Release|Any CPU
		{1E5AA2CB-5AC8-4D00-A8D8-C1823CABD3BA}.Debug|Any CPU.ActiveCfg = Debug|Any CPU
		{1E5AA2CB-5AC8-4D00-A8D8-C1823CABD3BA}.Debug|Any CPU.Build.0 = Debug|Any CPU
		{1E5AA2CB-5AC8-4D00-A8D8-C1823CABD3BA}.Release|Any CPU.ActiveCfg = Release|Any CPU
		{1E5AA2CB-5AC8-4D00-A8D8-C1823CABD3BA}.Release|Any CPU.Build.0 = Release|Any CPU
		{72BA15BD-12E2-4861-BF4F-1052276B4407}.Debug|Any CPU.ActiveCfg = Debug|Any CPU
		{72BA15BD-12E2-4861-BF4F-1052276B4407}.Debug|Any CPU.Build.0 = Debug|Any CPU
		{72BA15BD-12E2-4861-BF4F-1052276B4407}.Release|Any CPU.ActiveCfg = Release|Any CPU
		{72BA15BD-12E2-4861-BF4F-1052276B4407}.Release|Any CPU.Build.0 = Release|Any CPU
		{490BEB1F-D69A-453E-AD46-EE615185D8BC}.Debug|Any CPU.ActiveCfg = Debug|Any CPU
		{490BEB1F-D69A-453E-AD46-EE615185D8BC}.Debug|Any CPU.Build.0 = Debug|Any CPU
		{490BEB1F-D69A-453E-AD46-EE615185D8BC}.Release|Any CPU.ActiveCfg = Release|Any CPU
		{490BEB1F-D69A-453E-AD46-EE615185D8BC}.Release|Any CPU.Build.0 = Release|Any CPU
		{13FE5C2D-310F-46CC-B015-A3018586AB1E}.Debug|Any CPU.ActiveCfg = Debug|Any CPU
		{13FE5C2D-310F-46CC-B015-A3018586AB1E}.Debug|Any CPU.Build.0 = Debug|Any CPU
		{13FE5C2D-310F-46CC-B015-A3018586AB1E}.Release|Any CPU.ActiveCfg = Release|Any CPU
		{13FE5C2D-310F-46CC-B015-A3018586AB1E}.Release|Any CPU.Build.0 = Release|Any CPU
		{65C79721-6220-4463-8EB4-2DBC3E010295}.Debug|Any CPU.ActiveCfg = Debug|Any CPU
		{65C79721-6220-4463-8EB4-2DBC3E010295}.Debug|Any CPU.Build.0 = Debug|Any CPU
		{65C79721-6220-4463-8EB4-2DBC3E010295}.Release|Any CPU.ActiveCfg = Release|Any CPU
		{65C79721-6220-4463-8EB4-2DBC3E010295}.Release|Any CPU.Build.0 = Release|Any CPU
	EndGlobalSection
	GlobalSection(SolutionProperties) = preSolution
		HideSolutionNode = FALSE
	EndGlobalSection
	GlobalSection(NestedProjects) = preSolution
		{62531359-E9EF-43E6-9AEC-61E5F1A92681} = {8605C27E-6EC9-4AC9-BB3F-9629887401DA}
		{3AFD5416-A603-487B-A77A-2B6C105C577E} = {8605C27E-6EC9-4AC9-BB3F-9629887401DA}
		{5D0F9440-950B-4C13-8C55-125CE08A4BF2} = {8605C27E-6EC9-4AC9-BB3F-9629887401DA}
		{59A4070A-AB8A-458D-AC4D-15CAC89B81BB} = {8605C27E-6EC9-4AC9-BB3F-9629887401DA}
		{DB7FC2E2-AF26-422B-89BD-65DD44C21F39} = {59A4070A-AB8A-458D-AC4D-15CAC89B81BB}
		{BA05CC8B-7C44-4D36-9AF0-15957D98BCF1} = {62531359-E9EF-43E6-9AEC-61E5F1A92681}
		{D97A4445-88AA-4F2F-977F-541DB16F192B} = {62531359-E9EF-43E6-9AEC-61E5F1A92681}
		{519A5077-14D0-469F-883D-C44DF204D216} = {62531359-E9EF-43E6-9AEC-61E5F1A92681}
		{1E5AA2CB-5AC8-4D00-A8D8-C1823CABD3BA} = {59A4070A-AB8A-458D-AC4D-15CAC89B81BB}
		{72BA15BD-12E2-4861-BF4F-1052276B4407} = {3AFD5416-A603-487B-A77A-2B6C105C577E}
		{490BEB1F-D69A-453E-AD46-EE615185D8BC} = {3AFD5416-A603-487B-A77A-2B6C105C577E}
		{13FE5C2D-310F-46CC-B015-A3018586AB1E} = {3AFD5416-A603-487B-A77A-2B6C105C577E}
		{65C79721-6220-4463-8EB4-2DBC3E010295} = {5D0F9440-950B-4C13-8C55-125CE08A4BF2}
	EndGlobalSection
	GlobalSection(ExtensibilityGlobals) = postSolution
		SolutionGuid = {A2C89B94-B6CC-4543-B61B-32EC6B0E9FEE}
	EndGlobalSection
EndGlobal
